// !$*UTF8*$!
{
	archiveVersion = 1;
	classes = {
	};
	objectVersion = 56;
	objects = {

/* Begin PBXBuildFile section */
		6513D12529D2DB1F0091C48A /* HexagonParameters.swift in Sources */ = {isa = PBXBuildFile; fileRef = 6513D12429D2DB1F0091C48A /* HexagonParameters.swift */; };
		6513D12729D2E89D0091C48A /* BadgeBackground.swift in Sources */ = {isa = PBXBuildFile; fileRef = 6513D12629D2E89D0091C48A /* BadgeBackground.swift */; };
		6513D12929D2EC540091C48A /* BadgeSymbol.swift in Sources */ = {isa = PBXBuildFile; fileRef = 6513D12829D2EC540091C48A /* BadgeSymbol.swift */; };
		6513D12B29D2ECBF0091C48A /* RotatedBadgeSymbol.swift in Sources */ = {isa = PBXBuildFile; fileRef = 6513D12A29D2ECBF0091C48A /* RotatedBadgeSymbol.swift */; };
		6513D12D29D2ECD70091C48A /* Badge.swift in Sources */ = {isa = PBXBuildFile; fileRef = 6513D12C29D2ECD70091C48A /* Badge.swift */; };
		6513D12F29D2EECC0091C48A /* hikeData.json in Resources */ = {isa = PBXBuildFile; fileRef = 6513D12E29D2EECC0091C48A /* hikeData.json */; };
		6513D13129D2EEDB0091C48A /* Hike.swift in Sources */ = {isa = PBXBuildFile; fileRef = 6513D13029D2EEDB0091C48A /* Hike.swift */; };
		6513D13729D2EFD70091C48A /* GraphCapsule.swift in Sources */ = {isa = PBXBuildFile; fileRef = 6513D13329D2EFD70091C48A /* GraphCapsule.swift */; };
		6513D13829D2EFD70091C48A /* HikeGraph.swift in Sources */ = {isa = PBXBuildFile; fileRef = 6513D13429D2EFD70091C48A /* HikeGraph.swift */; };
		6513D13929D2EFD70091C48A /* HikeDetail.swift in Sources */ = {isa = PBXBuildFile; fileRef = 6513D13529D2EFD70091C48A /* HikeDetail.swift */; };
		6513D13A29D2EFD70091C48A /* HikeView.swift in Sources */ = {isa = PBXBuildFile; fileRef = 6513D13629D2EFD70091C48A /* HikeView.swift */; };
		6513D13C29D2F4090091C48A /* CategoryHome.swift in Sources */ = {isa = PBXBuildFile; fileRef = 6513D13B29D2F4090091C48A /* CategoryHome.swift */; };
		6513D13F29D2F6B80091C48A /* CategoryRow.swift in Sources */ = {isa = PBXBuildFile; fileRef = 6513D13E29D2F6B80091C48A /* CategoryRow.swift */; };
		6513D14129D2F6DD0091C48A /* CategoryItem.swift in Sources */ = {isa = PBXBuildFile; fileRef = 6513D14029D2F6DD0091C48A /* CategoryItem.swift */; };
		65237E0429CAD2D5008FBE2A /* LandmarkViewerApp.swift in Sources */ = {isa = PBXBuildFile; fileRef = 65237E0329CAD2D5008FBE2A /* LandmarkViewerApp.swift */; };
		65237E0829CAD2D6008FBE2A /* Assets.xcassets in Resources */ = {isa = PBXBuildFile; fileRef = 65237E0729CAD2D6008FBE2A /* Assets.xcassets */; };
		65237E0B29CAD2D6008FBE2A /* Preview Assets.xcassets in Resources */ = {isa = PBXBuildFile; fileRef = 65237E0A29CAD2D6008FBE2A /* Preview Assets.xcassets */; };
		65237E1529CAD2D6008FBE2A /* LandmarkViewerTests.swift in Sources */ = {isa = PBXBuildFile; fileRef = 65237E1429CAD2D6008FBE2A /* LandmarkViewerTests.swift */; };
		65237E1F29CAD2D6008FBE2A /* LandmarkViewerUITests.swift in Sources */ = {isa = PBXBuildFile; fileRef = 65237E1E29CAD2D6008FBE2A /* LandmarkViewerUITests.swift */; };
		65237E2129CAD2D6008FBE2A /* LandmarkViewerUITestsLaunchTests.swift in Sources */ = {isa = PBXBuildFile; fileRef = 65237E2029CAD2D6008FBE2A /* LandmarkViewerUITestsLaunchTests.swift */; };
		65237E2E29CAD40F008FBE2A /* landmarkData.json in Resources */ = {isa = PBXBuildFile; fileRef = 65237E2D29CAD40F008FBE2A /* landmarkData.json */; };
		65237E3229CAD4C7008FBE2A /* Landmark.swift in Sources */ = {isa = PBXBuildFile; fileRef = 65237E3129CAD4C7008FBE2A /* Landmark.swift */; };
		65237E3429CAD7D4008FBE2A /* ModelData.swift in Sources */ = {isa = PBXBuildFile; fileRef = 65237E3329CAD7D4008FBE2A /* ModelData.swift */; };
		65237E3729CAD982008FBE2A /* CircleImage.swift in Sources */ = {isa = PBXBuildFile; fileRef = 65237E3629CAD982008FBE2A /* CircleImage.swift */; };
		65237E3929CAD994008FBE2A /* MapView.swift in Sources */ = {isa = PBXBuildFile; fileRef = 65237E3829CAD994008FBE2A /* MapView.swift */; };
		65237E3D29CADBC6008FBE2A /* LandmarkRow.swift in Sources */ = {isa = PBXBuildFile; fileRef = 65237E3C29CADBC6008FBE2A /* LandmarkRow.swift */; };
		65CF617629CC13CD00DF1DF5 /* ContentView.swift in Sources */ = {isa = PBXBuildFile; fileRef = 65CF617529CC13CD00DF1DF5 /* ContentView.swift */; };
		65CF617829CC144B00DF1DF5 /* LandmarkList.swift in Sources */ = {isa = PBXBuildFile; fileRef = 65CF617729CC144B00DF1DF5 /* LandmarkList.swift */; };
		65CF617A29CC2E2F00DF1DF5 /* LandmarkDetail.swift in Sources */ = {isa = PBXBuildFile; fileRef = 65CF617929CC2E2F00DF1DF5 /* LandmarkDetail.swift */; };
		65D7E27429CE055A0017A761 /* FavoriteButton.swift in Sources */ = {isa = PBXBuildFile; fileRef = 65D7E27329CE055A0017A761 /* FavoriteButton.swift */; };
/* End PBXBuildFile section */

/* Begin PBXContainerItemProxy section */
		65237E1129CAD2D6008FBE2A /* PBXContainerItemProxy */ = {
			isa = PBXContainerItemProxy;
			containerPortal = 65237DF829CAD2D5008FBE2A /* Project object */;
			proxyType = 1;
			remoteGlobalIDString = 65237DFF29CAD2D5008FBE2A;
			remoteInfo = LandmarkViewer;
		};
		65237E1B29CAD2D6008FBE2A /* PBXContainerItemProxy */ = {
			isa = PBXContainerItemProxy;
			containerPortal = 65237DF829CAD2D5008FBE2A /* Project object */;
			proxyType = 1;
			remoteGlobalIDString = 65237DFF29CAD2D5008FBE2A;
			remoteInfo = LandmarkViewer;
		};
/* End PBXContainerItemProxy section */

/* Begin PBXFileReference section */
		6513D12429D2DB1F0091C48A /* HexagonParameters.swift */ = {isa = PBXFileReference; lastKnownFileType = sourcecode.swift; path = HexagonParameters.swift; sourceTree = "<group>"; };
		6513D12629D2E89D0091C48A /* BadgeBackground.swift */ = {isa = PBXFileReference; lastKnownFileType = sourcecode.swift; path = BadgeBackground.swift; sourceTree = "<group>"; };
		6513D12829D2EC540091C48A /* BadgeSymbol.swift */ = {isa = PBXFileReference; lastKnownFileType = sourcecode.swift; path = BadgeSymbol.swift; sourceTree = "<group>"; };
		6513D12A29D2ECBF0091C48A /* RotatedBadgeSymbol.swift */ = {isa = PBXFileReference; lastKnownFileType = sourcecode.swift; path = RotatedBadgeSymbol.swift; sourceTree = "<group>"; };
		6513D12C29D2ECD70091C48A /* Badge.swift */ = {isa = PBXFileReference; lastKnownFileType = sourcecode.swift; path = Badge.swift; sourceTree = "<group>"; };
		6513D12E29D2EECC0091C48A /* hikeData.json */ = {isa = PBXFileReference; fileEncoding = 4; lastKnownFileType = text.json; path = hikeData.json; sourceTree = "<group>"; };
		6513D13029D2EEDB0091C48A /* Hike.swift */ = {isa = PBXFileReference; lastKnownFileType = sourcecode.swift; path = Hike.swift; sourceTree = "<group>"; };
		6513D13329D2EFD70091C48A /* GraphCapsule.swift */ = {isa = PBXFileReference; fileEncoding = 4; lastKnownFileType = sourcecode.swift; path = GraphCapsule.swift; sourceTree = "<group>"; };
		6513D13429D2EFD70091C48A /* HikeGraph.swift */ = {isa = PBXFileReference; fileEncoding = 4; lastKnownFileType = sourcecode.swift; path = HikeGraph.swift; sourceTree = "<group>"; };
		6513D13529D2EFD70091C48A /* HikeDetail.swift */ = {isa = PBXFileReference; fileEncoding = 4; lastKnownFileType = sourcecode.swift; path = HikeDetail.swift; sourceTree = "<group>"; };
		6513D13629D2EFD70091C48A /* HikeView.swift */ = {isa = PBXFileReference; fileEncoding = 4; lastKnownFileType = sourcecode.swift; path = HikeView.swift; sourceTree = "<group>"; };
		6513D13B29D2F4090091C48A /* CategoryHome.swift */ = {isa = PBXFileReference; lastKnownFileType = sourcecode.swift; path = CategoryHome.swift; sourceTree = "<group>"; };
		6513D13E29D2F6B80091C48A /* CategoryRow.swift */ = {isa = PBXFileReference; lastKnownFileType = sourcecode.swift; path = CategoryRow.swift; sourceTree = "<group>"; };
		6513D14029D2F6DD0091C48A /* CategoryItem.swift */ = {isa = PBXFileReference; lastKnownFileType = sourcecode.swift; path = CategoryItem.swift; sourceTree = "<group>"; };
		65237E0029CAD2D5008FBE2A /* LandmarkViewer.app */ = {isa = PBXFileReference; explicitFileType = wrapper.application; includeInIndex = 0; path = LandmarkViewer.app; sourceTree = BUILT_PRODUCTS_DIR; };
		65237E0329CAD2D5008FBE2A /* LandmarkViewerApp.swift */ = {isa = PBXFileReference; lastKnownFileType = sourcecode.swift; path = LandmarkViewerApp.swift; sourceTree = "<group>"; };
		65237E0729CAD2D6008FBE2A /* Assets.xcassets */ = {isa = PBXFileReference; lastKnownFileType = folder.assetcatalog; path = Assets.xcassets; sourceTree = "<group>"; };
		65237E0A29CAD2D6008FBE2A /* Preview Assets.xcassets */ = {isa = PBXFileReference; lastKnownFileType = folder.assetcatalog; path = "Preview Assets.xcassets"; sourceTree = "<group>"; };
		65237E1029CAD2D6008FBE2A /* LandmarkViewerTests.xctest */ = {isa = PBXFileReference; explicitFileType = wrapper.cfbundle; includeInIndex = 0; path = LandmarkViewerTests.xctest; sourceTree = BUILT_PRODUCTS_DIR; };
		65237E1429CAD2D6008FBE2A /* LandmarkViewerTests.swift */ = {isa = PBXFileReference; lastKnownFileType = sourcecode.swift; path = LandmarkViewerTests.swift; sourceTree = "<group>"; };
		65237E1A29CAD2D6008FBE2A /* LandmarkViewerUITests.xctest */ = {isa = PBXFileReference; explicitFileType = wrapper.cfbundle; includeInIndex = 0; path = LandmarkViewerUITests.xctest; sourceTree = BUILT_PRODUCTS_DIR; };
		65237E1E29CAD2D6008FBE2A /* LandmarkViewerUITests.swift */ = {isa = PBXFileReference; lastKnownFileType = sourcecode.swift; path = LandmarkViewerUITests.swift; sourceTree = "<group>"; };
		65237E2029CAD2D6008FBE2A /* LandmarkViewerUITestsLaunchTests.swift */ = {isa = PBXFileReference; lastKnownFileType = sourcecode.swift; path = LandmarkViewerUITestsLaunchTests.swift; sourceTree = "<group>"; };
		65237E2D29CAD40F008FBE2A /* landmarkData.json */ = {isa = PBXFileReference; fileEncoding = 4; lastKnownFileType = text.json; path = landmarkData.json; sourceTree = "<group>"; };
		65237E3129CAD4C7008FBE2A /* Landmark.swift */ = {isa = PBXFileReference; lastKnownFileType = sourcecode.swift; path = Landmark.swift; sourceTree = "<group>"; };
		65237E3329CAD7D4008FBE2A /* ModelData.swift */ = {isa = PBXFileReference; lastKnownFileType = sourcecode.swift; path = ModelData.swift; sourceTree = "<group>"; };
		65237E3629CAD982008FBE2A /* CircleImage.swift */ = {isa = PBXFileReference; lastKnownFileType = sourcecode.swift; path = CircleImage.swift; sourceTree = "<group>"; };
		65237E3829CAD994008FBE2A /* MapView.swift */ = {isa = PBXFileReference; lastKnownFileType = sourcecode.swift; path = MapView.swift; sourceTree = "<group>"; };
		65237E3C29CADBC6008FBE2A /* LandmarkRow.swift */ = {isa = PBXFileReference; lastKnownFileType = sourcecode.swift; path = LandmarkRow.swift; sourceTree = "<group>"; };
		65CF617529CC13CD00DF1DF5 /* ContentView.swift */ = {isa = PBXFileReference; lastKnownFileType = sourcecode.swift; path = ContentView.swift; sourceTree = "<group>"; };
		65CF617729CC144B00DF1DF5 /* LandmarkList.swift */ = {isa = PBXFileReference; lastKnownFileType = sourcecode.swift; path = LandmarkList.swift; sourceTree = "<group>"; };
		65CF617929CC2E2F00DF1DF5 /* LandmarkDetail.swift */ = {isa = PBXFileReference; lastKnownFileType = sourcecode.swift; path = LandmarkDetail.swift; sourceTree = "<group>"; };
		65D7E27329CE055A0017A761 /* FavoriteButton.swift */ = {isa = PBXFileReference; lastKnownFileType = sourcecode.swift; path = FavoriteButton.swift; sourceTree = "<group>"; };
/* End PBXFileReference section */

/* Begin PBXFrameworksBuildPhase section */
		65237DFD29CAD2D5008FBE2A /* Frameworks */ = {
			isa = PBXFrameworksBuildPhase;
			buildActionMask = 2147483647;
			files = (
			);
			runOnlyForDeploymentPostprocessing = 0;
		};
		65237E0D29CAD2D6008FBE2A /* Frameworks */ = {
			isa = PBXFrameworksBuildPhase;
			buildActionMask = 2147483647;
			files = (
			);
			runOnlyForDeploymentPostprocessing = 0;
		};
		65237E1729CAD2D6008FBE2A /* Frameworks */ = {
			isa = PBXFrameworksBuildPhase;
			buildActionMask = 2147483647;
			files = (
			);
			runOnlyForDeploymentPostprocessing = 0;
		};
/* End PBXFrameworksBuildPhase section */

/* Begin PBXGroup section */
		6513D13229D2EFD70091C48A /* Hikes */ = {
			isa = PBXGroup;
			children = (
				6513D13329D2EFD70091C48A /* GraphCapsule.swift */,
				6513D13429D2EFD70091C48A /* HikeGraph.swift */,
				6513D13529D2EFD70091C48A /* HikeDetail.swift */,
				6513D13629D2EFD70091C48A /* HikeView.swift */,
			);
			path = Hikes;
			sourceTree = "<group>";
		};
		6513D13D29D2F6260091C48A /* Categories */ = {
			isa = PBXGroup;
			children = (
				6513D13B29D2F4090091C48A /* CategoryHome.swift */,
				6513D13E29D2F6B80091C48A /* CategoryRow.swift */,
				6513D14029D2F6DD0091C48A /* CategoryItem.swift */,
			);
			path = Categories;
			sourceTree = "<group>";
		};
		65237DF729CAD2D5008FBE2A = {
			isa = PBXGroup;
			children = (
				65237E0229CAD2D5008FBE2A /* LandmarkViewer */,
				65237E1329CAD2D6008FBE2A /* LandmarkViewerTests */,
				65237E1D29CAD2D6008FBE2A /* LandmarkViewerUITests */,
				65237E0129CAD2D5008FBE2A /* Products */,
			);
			sourceTree = "<group>";
		};
		65237E0129CAD2D5008FBE2A /* Products */ = {
			isa = PBXGroup;
			children = (
				65237E0029CAD2D5008FBE2A /* LandmarkViewer.app */,
				65237E1029CAD2D6008FBE2A /* LandmarkViewerTests.xctest */,
				65237E1A29CAD2D6008FBE2A /* LandmarkViewerUITests.xctest */,
			);
			name = Products;
			sourceTree = "<group>";
		};
		65237E0229CAD2D5008FBE2A /* LandmarkViewer */ = {
			isa = PBXGroup;
			children = (
				65237E0329CAD2D5008FBE2A /* LandmarkViewerApp.swift */,
				65237E3529CAD964008FBE2A /* Views */,
				6513D13229D2EFD70091C48A /* Hikes */,
				6513D13D29D2F6260091C48A /* Categories */,
				65D7E27929CE06110017A761 /* Helpers */,
				65D7E27629CE05E20017A761 /* Landmarks */,
				65237E3A29CAD9AB008FBE2A /* Model */,
				65237E3B29CAD9B3008FBE2A /* Resources */,
				65237E0729CAD2D6008FBE2A /* Assets.xcassets */,
				65237E0929CAD2D6008FBE2A /* Preview Content */,
			);
			path = LandmarkViewer;
			sourceTree = "<group>";
		};
		65237E0929CAD2D6008FBE2A /* Preview Content */ = {
			isa = PBXGroup;
			children = (
				65237E0A29CAD2D6008FBE2A /* Preview Assets.xcassets */,
			);
			path = "Preview Content";
			sourceTree = "<group>";
		};
		65237E1329CAD2D6008FBE2A /* LandmarkViewerTests */ = {
			isa = PBXGroup;
			children = (
				65237E1429CAD2D6008FBE2A /* LandmarkViewerTests.swift */,
			);
			path = LandmarkViewerTests;
			sourceTree = "<group>";
		};
		65237E1D29CAD2D6008FBE2A /* LandmarkViewerUITests */ = {
			isa = PBXGroup;
			children = (
				65237E1E29CAD2D6008FBE2A /* LandmarkViewerUITests.swift */,
				65237E2029CAD2D6008FBE2A /* LandmarkViewerUITestsLaunchTests.swift */,
			);
			path = LandmarkViewerUITests;
			sourceTree = "<group>";
		};
		65237E3529CAD964008FBE2A /* Views */ = {
			isa = PBXGroup;
			children = (
				65CF617529CC13CD00DF1DF5 /* ContentView.swift */,
				6513D12429D2DB1F0091C48A /* HexagonParameters.swift */,
				6513D12629D2E89D0091C48A /* BadgeBackground.swift */,
				6513D12829D2EC540091C48A /* BadgeSymbol.swift */,
				6513D12A29D2ECBF0091C48A /* RotatedBadgeSymbol.swift */,
				6513D12C29D2ECD70091C48A /* Badge.swift */,
			);
			path = Views;
			sourceTree = "<group>";
		};
		65237E3A29CAD9AB008FBE2A /* Model */ = {
			isa = PBXGroup;
			children = (
				65237E3329CAD7D4008FBE2A /* ModelData.swift */,
				65237E3129CAD4C7008FBE2A /* Landmark.swift */,
				6513D13029D2EEDB0091C48A /* Hike.swift */,
			);
			path = Model;
			sourceTree = "<group>";
		};
		65237E3B29CAD9B3008FBE2A /* Resources */ = {
			isa = PBXGroup;
			children = (
				6513D12E29D2EECC0091C48A /* hikeData.json */,
				65237E2D29CAD40F008FBE2A /* landmarkData.json */,
			);
			path = Resources;
			sourceTree = "<group>";
		};
		65D7E27629CE05E20017A761 /* Landmarks */ = {
			isa = PBXGroup;
			children = (
				65CF617729CC144B00DF1DF5 /* LandmarkList.swift */,
				65237E3C29CADBC6008FBE2A /* LandmarkRow.swift */,
				65CF617929CC2E2F00DF1DF5 /* LandmarkDetail.swift */,
			);
			path = Landmarks;
			sourceTree = "<group>";
		};
		65D7E27929CE06110017A761 /* Helpers */ = {
			isa = PBXGroup;
			children = (
				65237E3629CAD982008FBE2A /* CircleImage.swift */,
				65237E3829CAD994008FBE2A /* MapView.swift */,
				65D7E27329CE055A0017A761 /* FavoriteButton.swift */,
			);
			path = Helpers;
			sourceTree = "<group>";
		};
/* End PBXGroup section */

/* Begin PBXNativeTarget section */
		65237DFF29CAD2D5008FBE2A /* LandmarkViewer */ = {
			isa = PBXNativeTarget;
			buildConfigurationList = 65237E2429CAD2D6008FBE2A /* Build configuration list for PBXNativeTarget "LandmarkViewer" */;
			buildPhases = (
				65237DFC29CAD2D5008FBE2A /* Sources */,
				65237DFD29CAD2D5008FBE2A /* Frameworks */,
				65237DFE29CAD2D5008FBE2A /* Resources */,
			);
			buildRules = (
			);
			dependencies = (
			);
			name = LandmarkViewer;
			productName = LandmarkViewer;
			productReference = 65237E0029CAD2D5008FBE2A /* LandmarkViewer.app */;
			productType = "com.apple.product-type.application";
		};
		65237E0F29CAD2D6008FBE2A /* LandmarkViewerTests */ = {
			isa = PBXNativeTarget;
			buildConfigurationList = 65237E2729CAD2D6008FBE2A /* Build configuration list for PBXNativeTarget "LandmarkViewerTests" */;
			buildPhases = (
				65237E0C29CAD2D6008FBE2A /* Sources */,
				65237E0D29CAD2D6008FBE2A /* Frameworks */,
				65237E0E29CAD2D6008FBE2A /* Resources */,
			);
			buildRules = (
			);
			dependencies = (
				65237E1229CAD2D6008FBE2A /* PBXTargetDependency */,
			);
			name = LandmarkViewerTests;
			productName = LandmarkViewerTests;
			productReference = 65237E1029CAD2D6008FBE2A /* LandmarkViewerTests.xctest */;
			productType = "com.apple.product-type.bundle.unit-test";
		};
		65237E1929CAD2D6008FBE2A /* LandmarkViewerUITests */ = {
			isa = PBXNativeTarget;
			buildConfigurationList = 65237E2A29CAD2D6008FBE2A /* Build configuration list for PBXNativeTarget "LandmarkViewerUITests" */;
			buildPhases = (
				65237E1629CAD2D6008FBE2A /* Sources */,
				65237E1729CAD2D6008FBE2A /* Frameworks */,
				65237E1829CAD2D6008FBE2A /* Resources */,
			);
			buildRules = (
			);
			dependencies = (
				65237E1C29CAD2D6008FBE2A /* PBXTargetDependency */,
			);
			name = LandmarkViewerUITests;
			productName = LandmarkViewerUITests;
			productReference = 65237E1A29CAD2D6008FBE2A /* LandmarkViewerUITests.xctest */;
			productType = "com.apple.product-type.bundle.ui-testing";
		};
/* End PBXNativeTarget section */

/* Begin PBXProject section */
		65237DF829CAD2D5008FBE2A /* Project object */ = {
			isa = PBXProject;
			attributes = {
				BuildIndependentTargetsInParallel = 1;
				LastSwiftUpdateCheck = 1420;
				LastUpgradeCheck = 1420;
				TargetAttributes = {
					65237DFF29CAD2D5008FBE2A = {
						CreatedOnToolsVersion = 14.2;
					};
					65237E0F29CAD2D6008FBE2A = {
						CreatedOnToolsVersion = 14.2;
						TestTargetID = 65237DFF29CAD2D5008FBE2A;
					};
					65237E1929CAD2D6008FBE2A = {
						CreatedOnToolsVersion = 14.2;
						TestTargetID = 65237DFF29CAD2D5008FBE2A;
					};
				};
			};
			buildConfigurationList = 65237DFB29CAD2D5008FBE2A /* Build configuration list for PBXProject "LandmarkViewer" */;
			compatibilityVersion = "Xcode 14.0";
			developmentRegion = en;
			hasScannedForEncodings = 0;
			knownRegions = (
				en,
				Base,
			);
			mainGroup = 65237DF729CAD2D5008FBE2A;
			productRefGroup = 65237E0129CAD2D5008FBE2A /* Products */;
			projectDirPath = "";
			projectRoot = "";
			targets = (
				65237DFF29CAD2D5008FBE2A /* LandmarkViewer */,
				65237E0F29CAD2D6008FBE2A /* LandmarkViewerTests */,
				65237E1929CAD2D6008FBE2A /* LandmarkViewerUITests */,
			);
		};
/* End PBXProject section */

/* Begin PBXResourcesBuildPhase section */
		65237DFE29CAD2D5008FBE2A /* Resources */ = {
			isa = PBXResourcesBuildPhase;
			buildActionMask = 2147483647;
			files = (
				6513D12F29D2EECC0091C48A /* hikeData.json in Resources */,
				65237E0B29CAD2D6008FBE2A /* Preview Assets.xcassets in Resources */,
				65237E0829CAD2D6008FBE2A /* Assets.xcassets in Resources */,
				65237E2E29CAD40F008FBE2A /* landmarkData.json in Resources */,
			);
			runOnlyForDeploymentPostprocessing = 0;
		};
		65237E0E29CAD2D6008FBE2A /* Resources */ = {
			isa = PBXResourcesBuildPhase;
			buildActionMask = 2147483647;
			files = (
			);
			runOnlyForDeploymentPostprocessing = 0;
		};
		65237E1829CAD2D6008FBE2A /* Resources */ = {
			isa = PBXResourcesBuildPhase;
			buildActionMask = 2147483647;
			files = (
			);
			runOnlyForDeploymentPostprocessing = 0;
		};
/* End PBXResourcesBuildPhase section */

/* Begin PBXSourcesBuildPhase section */
		65237DFC29CAD2D5008FBE2A /* Sources */ = {
			isa = PBXSourcesBuildPhase;
			buildActionMask = 2147483647;
			files = (
				6513D13F29D2F6B80091C48A /* CategoryRow.swift in Sources */,
				65237E0429CAD2D5008FBE2A /* LandmarkViewerApp.swift in Sources */,
				6513D13C29D2F4090091C48A /* CategoryHome.swift in Sources */,
				6513D13829D2EFD70091C48A /* HikeGraph.swift in Sources */,
				6513D12D29D2ECD70091C48A /* Badge.swift in Sources */,
				65237E3929CAD994008FBE2A /* MapView.swift in Sources */,
				6513D13729D2EFD70091C48A /* GraphCapsule.swift in Sources */,
				65CF617629CC13CD00DF1DF5 /* ContentView.swift in Sources */,
				65D7E27429CE055A0017A761 /* FavoriteButton.swift in Sources */,
				6513D14129D2F6DD0091C48A /* CategoryItem.swift in Sources */,
				6513D13929D2EFD70091C48A /* HikeDetail.swift in Sources */,
				6513D12529D2DB1F0091C48A /* HexagonParameters.swift in Sources */,
				6513D13129D2EEDB0091C48A /* Hike.swift in Sources */,
				6513D12B29D2ECBF0091C48A /* RotatedBadgeSymbol.swift in Sources */,
				6513D12929D2EC540091C48A /* BadgeSymbol.swift in Sources */,
				65CF617829CC144B00DF1DF5 /* LandmarkList.swift in Sources */,
				6513D13A29D2EFD70091C48A /* HikeView.swift in Sources */,
				65CF617A29CC2E2F00DF1DF5 /* LandmarkDetail.swift in Sources */,
				6513D12729D2E89D0091C48A /* BadgeBackground.swift in Sources */,
				65237E3429CAD7D4008FBE2A /* ModelData.swift in Sources */,
				65237E3229CAD4C7008FBE2A /* Landmark.swift in Sources */,
				65237E3D29CADBC6008FBE2A /* LandmarkRow.swift in Sources */,
				65237E3729CAD982008FBE2A /* CircleImage.swift in Sources */,
			);
			runOnlyForDeploymentPostprocessing = 0;
		};
		65237E0C29CAD2D6008FBE2A /* Sources */ = {
			isa = PBXSourcesBuildPhase;
			buildActionMask = 2147483647;
			files = (
				65237E1529CAD2D6008FBE2A /* LandmarkViewerTests.swift in Sources */,
			);
			runOnlyForDeploymentPostprocessing = 0;
		};
		65237E1629CAD2D6008FBE2A /* Sources */ = {
			isa = PBXSourcesBuildPhase;
			buildActionMask = 2147483647;
			files = (
				65237E2129CAD2D6008FBE2A /* LandmarkViewerUITestsLaunchTests.swift in Sources */,
				65237E1F29CAD2D6008FBE2A /* LandmarkViewerUITests.swift in Sources */,
			);
			runOnlyForDeploymentPostprocessing = 0;
		};
/* End PBXSourcesBuildPhase section */

/* Begin PBXTargetDependency section */
		65237E1229CAD2D6008FBE2A /* PBXTargetDependency */ = {
			isa = PBXTargetDependency;
			target = 65237DFF29CAD2D5008FBE2A /* LandmarkViewer */;
			targetProxy = 65237E1129CAD2D6008FBE2A /* PBXContainerItemProxy */;
		};
		65237E1C29CAD2D6008FBE2A /* PBXTargetDependency */ = {
			isa = PBXTargetDependency;
			target = 65237DFF29CAD2D5008FBE2A /* LandmarkViewer */;
			targetProxy = 65237E1B29CAD2D6008FBE2A /* PBXContainerItemProxy */;
		};
/* End PBXTargetDependency section */

/* Begin XCBuildConfiguration section */
		65237E2229CAD2D6008FBE2A /* Debug */ = {
			isa = XCBuildConfiguration;
			buildSettings = {
				ALWAYS_SEARCH_USER_PATHS = NO;
				CLANG_ANALYZER_NONNULL = YES;
				CLANG_ANALYZER_NUMBER_OBJECT_CONVERSION = YES_AGGRESSIVE;
				CLANG_CXX_LANGUAGE_STANDARD = "gnu++20";
				CLANG_ENABLE_MODULES = YES;
				CLANG_ENABLE_OBJC_ARC = YES;
				CLANG_ENABLE_OBJC_WEAK = YES;
				CLANG_WARN_BLOCK_CAPTURE_AUTORELEASING = YES;
				CLANG_WARN_BOOL_CONVERSION = YES;
				CLANG_WARN_COMMA = YES;
				CLANG_WARN_CONSTANT_CONVERSION = YES;
				CLANG_WARN_DEPRECATED_OBJC_IMPLEMENTATIONS = YES;
				CLANG_WARN_DIRECT_OBJC_ISA_USAGE = YES_ERROR;
				CLANG_WARN_DOCUMENTATION_COMMENTS = YES;
				CLANG_WARN_EMPTY_BODY = YES;
				CLANG_WARN_ENUM_CONVERSION = YES;
				CLANG_WARN_INFINITE_RECURSION = YES;
				CLANG_WARN_INT_CONVERSION = YES;
				CLANG_WARN_NON_LITERAL_NULL_CONVERSION = YES;
				CLANG_WARN_OBJC_IMPLICIT_RETAIN_SELF = YES;
				CLANG_WARN_OBJC_LITERAL_CONVERSION = YES;
				CLANG_WARN_OBJC_ROOT_CLASS = YES_ERROR;
				CLANG_WARN_QUOTED_INCLUDE_IN_FRAMEWORK_HEADER = YES;
				CLANG_WARN_RANGE_LOOP_ANALYSIS = YES;
				CLANG_WARN_STRICT_PROTOTYPES = YES;
				CLANG_WARN_SUSPICIOUS_MOVE = YES;
				CLANG_WARN_UNGUARDED_AVAILABILITY = YES_AGGRESSIVE;
				CLANG_WARN_UNREACHABLE_CODE = YES;
				CLANG_WARN__DUPLICATE_METHOD_MATCH = YES;
				COPY_PHASE_STRIP = NO;
				DEBUG_INFORMATION_FORMAT = dwarf;
				ENABLE_STRICT_OBJC_MSGSEND = YES;
				ENABLE_TESTABILITY = YES;
				GCC_C_LANGUAGE_STANDARD = gnu11;
				GCC_DYNAMIC_NO_PIC = NO;
				GCC_NO_COMMON_BLOCKS = YES;
				GCC_OPTIMIZATION_LEVEL = 0;
				GCC_PREPROCESSOR_DEFINITIONS = (
					"DEBUG=1",
					"$(inherited)",
				);
				GCC_WARN_64_TO_32_BIT_CONVERSION = YES;
				GCC_WARN_ABOUT_RETURN_TYPE = YES_ERROR;
				GCC_WARN_UNDECLARED_SELECTOR = YES;
				GCC_WARN_UNINITIALIZED_AUTOS = YES_AGGRESSIVE;
				GCC_WARN_UNUSED_FUNCTION = YES;
				GCC_WARN_UNUSED_VARIABLE = YES;
				IPHONEOS_DEPLOYMENT_TARGET = 16.2;
				MTL_ENABLE_DEBUG_INFO = INCLUDE_SOURCE;
				MTL_FAST_MATH = YES;
				ONLY_ACTIVE_ARCH = YES;
				SDKROOT = iphoneos;
				SWIFT_ACTIVE_COMPILATION_CONDITIONS = DEBUG;
				SWIFT_OPTIMIZATION_LEVEL = "-Onone";
			};
			name = Debug;
		};
		65237E2329CAD2D6008FBE2A /* Release */ = {
			isa = XCBuildConfiguration;
			buildSettings = {
				ALWAYS_SEARCH_USER_PATHS = NO;
				CLANG_ANALYZER_NONNULL = YES;
				CLANG_ANALYZER_NUMBER_OBJECT_CONVERSION = YES_AGGRESSIVE;
				CLANG_CXX_LANGUAGE_STANDARD = "gnu++20";
				CLANG_ENABLE_MODULES = YES;
				CLANG_ENABLE_OBJC_ARC = YES;
				CLANG_ENABLE_OBJC_WEAK = YES;
				CLANG_WARN_BLOCK_CAPTURE_AUTORELEASING = YES;
				CLANG_WARN_BOOL_CONVERSION = YES;
				CLANG_WARN_COMMA = YES;
				CLANG_WARN_CONSTANT_CONVERSION = YES;
				CLANG_WARN_DEPRECATED_OBJC_IMPLEMENTATIONS = YES;
				CLANG_WARN_DIRECT_OBJC_ISA_USAGE = YES_ERROR;
				CLANG_WARN_DOCUMENTATION_COMMENTS = YES;
				CLANG_WARN_EMPTY_BODY = YES;
				CLANG_WARN_ENUM_CONVERSION = YES;
				CLANG_WARN_INFINITE_RECURSION = YES;
				CLANG_WARN_INT_CONVERSION = YES;
				CLANG_WARN_NON_LITERAL_NULL_CONVERSION = YES;
				CLANG_WARN_OBJC_IMPLICIT_RETAIN_SELF = YES;
				CLANG_WARN_OBJC_LITERAL_CONVERSION = YES;
				CLANG_WARN_OBJC_ROOT_CLASS = YES_ERROR;
				CLANG_WARN_QUOTED_INCLUDE_IN_FRAMEWORK_HEADER = YES;
				CLANG_WARN_RANGE_LOOP_ANALYSIS = YES;
				CLANG_WARN_STRICT_PROTOTYPES = YES;
				CLANG_WARN_SUSPICIOUS_MOVE = YES;
				CLANG_WARN_UNGUARDED_AVAILABILITY = YES_AGGRESSIVE;
				CLANG_WARN_UNREACHABLE_CODE = YES;
				CLANG_WARN__DUPLICATE_METHOD_MATCH = YES;
				COPY_PHASE_STRIP = NO;
				DEBUG_INFORMATION_FORMAT = "dwarf-with-dsym";
				ENABLE_NS_ASSERTIONS = NO;
				ENABLE_STRICT_OBJC_MSGSEND = YES;
				GCC_C_LANGUAGE_STANDARD = gnu11;
				GCC_NO_COMMON_BLOCKS = YES;
				GCC_WARN_64_TO_32_BIT_CONVERSION = YES;
				GCC_WARN_ABOUT_RETURN_TYPE = YES_ERROR;
				GCC_WARN_UNDECLARED_SELECTOR = YES;
				GCC_WARN_UNINITIALIZED_AUTOS = YES_AGGRESSIVE;
				GCC_WARN_UNUSED_FUNCTION = YES;
				GCC_WARN_UNUSED_VARIABLE = YES;
				IPHONEOS_DEPLOYMENT_TARGET = 16.2;
				MTL_ENABLE_DEBUG_INFO = NO;
				MTL_FAST_MATH = YES;
				SDKROOT = iphoneos;
				SWIFT_COMPILATION_MODE = wholemodule;
				SWIFT_OPTIMIZATION_LEVEL = "-O";
				VALIDATE_PRODUCT = YES;
			};
			name = Release;
		};
		65237E2529CAD2D6008FBE2A /* Debug */ = {
			isa = XCBuildConfiguration;
			buildSettings = {
				ASSETCATALOG_COMPILER_APPICON_NAME = AppIcon;
				ASSETCATALOG_COMPILER_GLOBAL_ACCENT_COLOR_NAME = AccentColor;
				CODE_SIGN_STYLE = Automatic;
				CURRENT_PROJECT_VERSION = 1;
				DEVELOPMENT_ASSET_PATHS = "\"LandmarkViewer/Preview Content\"";
				DEVELOPMENT_TEAM = 9MCN5686MN;
				ENABLE_PREVIEWS = YES;
				GENERATE_INFOPLIST_FILE = YES;
				INFOPLIST_KEY_UIApplicationSceneManifest_Generation = YES;
				INFOPLIST_KEY_UIApplicationSupportsIndirectInputEvents = YES;
				INFOPLIST_KEY_UILaunchScreen_Generation = YES;
				INFOPLIST_KEY_UISupportedInterfaceOrientations_iPad = "UIInterfaceOrientationPortrait UIInterfaceOrientationPortraitUpsideDown UIInterfaceOrientationLandscapeLeft UIInterfaceOrientationLandscapeRight";
				INFOPLIST_KEY_UISupportedInterfaceOrientations_iPhone = "UIInterfaceOrientationPortrait UIInterfaceOrientationLandscapeLeft UIInterfaceOrientationLandscapeRight";
				LD_RUNPATH_SEARCH_PATHS = (
					"$(inherited)",
					"@executable_path/Frameworks",
				);
				MARKETING_VERSION = 1.0;
				PRODUCT_BUNDLE_IDENTIFIER = com.yugasamuel.LandmarkViewer;
				PRODUCT_NAME = "$(TARGET_NAME)";
				SWIFT_EMIT_LOC_STRINGS = YES;
				SWIFT_VERSION = 5.0;
				TARGETED_DEVICE_FAMILY = "1,2";
			};
			name = Debug;
		};
		65237E2629CAD2D6008FBE2A /* Release */ = {
			isa = XCBuildConfiguration;
			buildSettings = {
				ASSETCATALOG_COMPILER_APPICON_NAME = AppIcon;
				ASSETCATALOG_COMPILER_GLOBAL_ACCENT_COLOR_NAME = AccentColor;
				CODE_SIGN_STYLE = Automatic;
				CURRENT_PROJECT_VERSION = 1;
				DEVELOPMENT_ASSET_PATHS = "\"LandmarkViewer/Preview Content\"";
				DEVELOPMENT_TEAM = 9MCN5686MN;
				ENABLE_PREVIEWS = YES;
				GENERATE_INFOPLIST_FILE = YES;
				INFOPLIST_KEY_UIApplicationSceneManifest_Generation = YES;
				INFOPLIST_KEY_UIApplicationSupportsIndirectInputEvents = YES;
				INFOPLIST_KEY_UILaunchScreen_Generation = YES;
				INFOPLIST_KEY_UISupportedInterfaceOrientations_iPad = "UIInterfaceOrientationPortrait UIInterfaceOrientationPortraitUpsideDown UIInterfaceOrientationLandscapeLeft UIInterfaceOrientationLandscapeRight";
				INFOPLIST_KEY_UISupportedInterfaceOrientations_iPhone = "UIInterfaceOrientationPortrait UIInterfaceOrientationLandscapeLeft UIInterfaceOrientationLandscapeRight";
				LD_RUNPATH_SEARCH_PATHS = (
					"$(inherited)",
					"@executable_path/Frameworks",
				);
				MARKETING_VERSION = 1.0;
				PRODUCT_BUNDLE_IDENTIFIER = com.yugasamuel.LandmarkViewer;
				PRODUCT_NAME = "$(TARGET_NAME)";
				SWIFT_EMIT_LOC_STRINGS = YES;
				SWIFT_VERSION = 5.0;
				TARGETED_DEVICE_FAMILY = "1,2";
			};
			name = Release;
		};
		65237E2829CAD2D6008FBE2A /* Debug */ = {
			isa = XCBuildConfiguration;
			buildSettings = {
				ALWAYS_EMBED_SWIFT_STANDARD_LIBRARIES = YES;
				BUNDLE_LOADER = "$(TEST_HOST)";
				CODE_SIGN_STYLE = Automatic;
				CURRENT_PROJECT_VERSION = 1;
				DEVELOPMENT_TEAM = 9MCN5686MN;
				GENERATE_INFOPLIST_FILE = YES;
				IPHONEOS_DEPLOYMENT_TARGET = 16.2;
				MARKETING_VERSION = 1.0;
				PRODUCT_BUNDLE_IDENTIFIER = com.yugasamuel.LandmarkViewerTests;
				PRODUCT_NAME = "$(TARGET_NAME)";
				SWIFT_EMIT_LOC_STRINGS = NO;
				SWIFT_VERSION = 5.0;
				TARGETED_DEVICE_FAMILY = "1,2";
				TEST_HOST = "$(BUILT_PRODUCTS_DIR)/LandmarkViewer.app/$(BUNDLE_EXECUTABLE_FOLDER_PATH)/LandmarkViewer";
			};
			name = Debug;
		};
		65237E2929CAD2D6008FBE2A /* Release */ = {
			isa = XCBuildConfiguration;
			buildSettings = {
				ALWAYS_EMBED_SWIFT_STANDARD_LIBRARIES = YES;
				BUNDLE_LOADER = "$(TEST_HOST)";
				CODE_SIGN_STYLE = Automatic;
				CURRENT_PROJECT_VERSION = 1;
				DEVELOPMENT_TEAM = 9MCN5686MN;
				GENERATE_INFOPLIST_FILE = YES;
				IPHONEOS_DEPLOYMENT_TARGET = 16.2;
				MARKETING_VERSION = 1.0;
				PRODUCT_BUNDLE_IDENTIFIER = com.yugasamuel.LandmarkViewerTests;
				PRODUCT_NAME = "$(TARGET_NAME)";
				SWIFT_EMIT_LOC_STRINGS = NO;
				SWIFT_VERSION = 5.0;
				TARGETED_DEVICE_FAMILY = "1,2";
				TEST_HOST = "$(BUILT_PRODUCTS_DIR)/LandmarkViewer.app/$(BUNDLE_EXECUTABLE_FOLDER_PATH)/LandmarkViewer";
			};
			name = Release;
		};
		65237E2B29CAD2D6008FBE2A /* Debug */ = {
			isa = XCBuildConfiguration;
			buildSettings = {
				ALWAYS_EMBED_SWIFT_STANDARD_LIBRARIES = YES;
				CODE_SIGN_STYLE = Automatic;
				CURRENT_PROJECT_VERSION = 1;
				DEVELOPMENT_TEAM = 9MCN5686MN;
				GENERATE_INFOPLIST_FILE = YES;
				MARKETING_VERSION = 1.0;
				PRODUCT_BUNDLE_IDENTIFIER = com.yugasamuel.LandmarkViewerUITests;
				PRODUCT_NAME = "$(TARGET_NAME)";
				SWIFT_EMIT_LOC_STRINGS = NO;
				SWIFT_VERSION = 5.0;
				TARGETED_DEVICE_FAMILY = "1,2";
				TEST_TARGET_NAME = LandmarkViewer;
			};
			name = Debug;
		};
		65237E2C29CAD2D6008FBE2A /* Release */ = {
			isa = XCBuildConfiguration;
			buildSettings = {
				ALWAYS_EMBED_SWIFT_STANDARD_LIBRARIES = YES;
				CODE_SIGN_STYLE = Automatic;
				CURRENT_PROJECT_VERSION = 1;
				DEVELOPMENT_TEAM = 9MCN5686MN;
				GENERATE_INFOPLIST_FILE = YES;
				MARKETING_VERSION = 1.0;
				PRODUCT_BUNDLE_IDENTIFIER = com.yugasamuel.LandmarkViewerUITests;
				PRODUCT_NAME = "$(TARGET_NAME)";
				SWIFT_EMIT_LOC_STRINGS = NO;
				SWIFT_VERSION = 5.0;
				TARGETED_DEVICE_FAMILY = "1,2";
				TEST_TARGET_NAME = LandmarkViewer;
			};
			name = Release;
		};
/* End XCBuildConfiguration section */

/* Begin XCConfigurationList section */
		65237DFB29CAD2D5008FBE2A /* Build configuration list for PBXProject "LandmarkViewer" */ = {
			isa = XCConfigurationList;
			buildConfigurations = (
				65237E2229CAD2D6008FBE2A /* Debug */,
				65237E2329CAD2D6008FBE2A /* Release */,
			);
			defaultConfigurationIsVisible = 0;
			defaultConfigurationName = Release;
		};
		65237E2429CAD2D6008FBE2A /* Build configuration list for PBXNativeTarget "LandmarkViewer" */ = {
			isa = XCConfigurationList;
			buildConfigurations = (
				65237E2529CAD2D6008FBE2A /* Debug */,
				65237E2629CAD2D6008FBE2A /* Release */,
			);
			defaultConfigurationIsVisible = 0;
			defaultConfigurationName = Release;
		};
		65237E2729CAD2D6008FBE2A /* Build configuration list for PBXNativeTarget "LandmarkViewerTests" */ = {
			isa = XCConfigurationList;
			buildConfigurations = (
				65237E2829CAD2D6008FBE2A /* Debug */,
				65237E2929CAD2D6008FBE2A /* Release */,
			);
			defaultConfigurationIsVisible = 0;
			defaultConfigurationName = Release;
		};
		65237E2A29CAD2D6008FBE2A /* Build configuration list for PBXNativeTarget "LandmarkViewerUITests" */ = {
			isa = XCConfigurationList;
			buildConfigurations = (
				65237E2B29CAD2D6008FBE2A /* Debug */,
				65237E2C29CAD2D6008FBE2A /* Release */,
			);
			defaultConfigurationIsVisible = 0;
			defaultConfigurationName = Release;
		};
/* End XCConfigurationList section */
	};
	rootObject = 65237DF829CAD2D5008FBE2A /* Project object */;
}
